
Microsoft Visual Studio Solution File, Format Version 12.00
# Visual Studio Version 17
VisualStudioVersion = 17.7.34024.191
MinimumVisualStudioVersion = 10.0.40219.1
Project("{FAE04EC0-301F-11D3-BF4B-00C04F79EFBC}") = "Week8Lec2TwoDArrayGame", "Week8Lec1Game\Week8Lec2TwoDArrayGame.csproj", "{CCA0361A-A831-40FC-8B95-D5EA9B423E79}"
EndProject
Global
	GlobalSection(SolutionConfigurationPlatforms) = preSolution
		Debug|Any CPU = Debug|Any CPU
		Release|Any CPU = Release|Any CPU
	EndGlobalSection
	GlobalSection(ProjectConfigurationPlatforms) = postSolution
		{CCA0361A-A831-40FC-8B95-D5EA9B423E79}.Debug|Any CPU.ActiveCfg = Debug|Any CPU
		{CCA0361A-A831-40FC-8B95-D5EA9B423E79}.Debug|Any CPU.Build.0 = Debug|Any CPU
		{CCA0361A-A831-40FC-8B95-D5EA9B423E79}.Release|Any CPU.ActiveCfg = Release|Any CPU
		{CCA0361A-A831-40FC-8B95-D5EA9B423E79}.Release|Any CPU.Build.0 = Release|Any CPU
	EndGlobalSection
	GlobalSection(SolutionProperties) = preSolution
		HideSolutionNode = FALSE
	EndGlobalSection
	GlobalSection(ExtensibilityGlobals) = postSolution
		SolutionGuid = {3C38E54C-2AB3-4958-957D-9ACE7E682543}
	EndGlobalSection
EndGlobal
